// !$*UTF8*$!
{
	archiveVersion = 1;
	classes = {
	};
	objectVersion = 56;
	objects = {

/* Begin PBXBuildFile section */
		C08CDEE02B8FD28400197FDE /* Expense_Tracking_AppApp.swift in Sources */ = {isa = PBXBuildFile; fileRef = C08CDEDF2B8FD28400197FDE /* Expense_Tracking_AppApp.swift */; };
		C08CDEE22B8FD28400197FDE /* ContentView.swift in Sources */ = {isa = PBXBuildFile; fileRef = C08CDEE12B8FD28400197FDE /* ContentView.swift */; };
		C08CDEE42B8FD28A00197FDE /* Assets.xcassets in Resources */ = {isa = PBXBuildFile; fileRef = C08CDEE32B8FD28A00197FDE /* Assets.xcassets */; };
		C08CDEE72B8FD28A00197FDE /* Preview Assets.xcassets in Resources */ = {isa = PBXBuildFile; fileRef = C08CDEE62B8FD28A00197FDE /* Preview Assets.xcassets */; };
		C08CDEF12B8FD28A00197FDE /* Expense_Tracking_AppTests.swift in Sources */ = {isa = PBXBuildFile; fileRef = C08CDEF02B8FD28A00197FDE /* Expense_Tracking_AppTests.swift */; };
		C08CDEFB2B8FD28A00197FDE /* Expense_Tracking_AppUITests.swift in Sources */ = {isa = PBXBuildFile; fileRef = C08CDEFA2B8FD28A00197FDE /* Expense_Tracking_AppUITests.swift */; };
		C08CDEFD2B8FD28A00197FDE /* Expense_Tracking_AppUITestsLaunchTests.swift in Sources */ = {isa = PBXBuildFile; fileRef = C08CDEFC2B8FD28A00197FDE /* Expense_Tracking_AppUITestsLaunchTests.swift */; };
		C08CDF0C2B8FEAD000197FDE /* ExpenseDetail.swift in Sources */ = {isa = PBXBuildFile; fileRef = C08CDF0B2B8FEAD000197FDE /* ExpenseDetail.swift */; };
		C0D75A0F2BC1DFC20074DEED /* HowAmIDoing.swift in Sources */ = {isa = PBXBuildFile; fileRef = C0D75A0E2BC1DFC20074DEED /* HowAmIDoing.swift */; };
/* End PBXBuildFile section */

/* Begin PBXContainerItemProxy section */
		C08CDEED2B8FD28A00197FDE /* PBXContainerItemProxy */ = {
			isa = PBXContainerItemProxy;
			containerPortal = C08CDED42B8FD28400197FDE /* Project object */;
			proxyType = 1;
			remoteGlobalIDString = C08CDEDB2B8FD28400197FDE;
			remoteInfo = "Expense Tracking App";
		};
		C08CDEF72B8FD28A00197FDE /* PBXContainerItemProxy */ = {
			isa = PBXContainerItemProxy;
			containerPortal = C08CDED42B8FD28400197FDE /* Project object */;
			proxyType = 1;
			remoteGlobalIDString = C08CDEDB2B8FD28400197FDE;
			remoteInfo = "Expense Tracking App";
		};
/* End PBXContainerItemProxy section */

/* Begin PBXFileReference section */
		C08CDEDC2B8FD28400197FDE /* Expense Tracking App.app */ = {isa = PBXFileReference; explicitFileType = wrapper.application; includeInIndex = 0; path = "Expense Tracking App.app"; sourceTree = BUILT_PRODUCTS_DIR; };
		C08CDEDF2B8FD28400197FDE /* Expense_Tracking_AppApp.swift */ = {isa = PBXFileReference; lastKnownFileType = sourcecode.swift; path = Expense_Tracking_AppApp.swift; sourceTree = "<group>"; };
		C08CDEE12B8FD28400197FDE /* ContentView.swift */ = {isa = PBXFileReference; lastKnownFileType = sourcecode.swift; path = ContentView.swift; sourceTree = "<group>"; };
		C08CDEE32B8FD28A00197FDE /* Assets.xcassets */ = {isa = PBXFileReference; lastKnownFileType = folder.assetcatalog; path = Assets.xcassets; sourceTree = "<group>"; };
		C08CDEE62B8FD28A00197FDE /* Preview Assets.xcassets */ = {isa = PBXFileReference; lastKnownFileType = folder.assetcatalog; path = "Preview Assets.xcassets"; sourceTree = "<group>"; };
		C08CDEEC2B8FD28A00197FDE /* Expense Tracking AppTests.xctest */ = {isa = PBXFileReference; explicitFileType = wrapper.cfbundle; includeInIndex = 0; path = "Expense Tracking AppTests.xctest"; sourceTree = BUILT_PRODUCTS_DIR; };
		C08CDEF02B8FD28A00197FDE /* Expense_Tracking_AppTests.swift */ = {isa = PBXFileReference; lastKnownFileType = sourcecode.swift; path = Expense_Tracking_AppTests.swift; sourceTree = "<group>"; };
		C08CDEF62B8FD28A00197FDE /* Expense Tracking AppUITests.xctest */ = {isa = PBXFileReference; explicitFileType = wrapper.cfbundle; includeInIndex = 0; path = "Expense Tracking AppUITests.xctest"; sourceTree = BUILT_PRODUCTS_DIR; };
		C08CDEFA2B8FD28A00197FDE /* Expense_Tracking_AppUITests.swift */ = {isa = PBXFileReference; lastKnownFileType = sourcecode.swift; path = Expense_Tracking_AppUITests.swift; sourceTree = "<group>"; };
		C08CDEFC2B8FD28A00197FDE /* Expense_Tracking_AppUITestsLaunchTests.swift */ = {isa = PBXFileReference; lastKnownFileType = sourcecode.swift; path = Expense_Tracking_AppUITestsLaunchTests.swift; sourceTree = "<group>"; };
		C08CDF0B2B8FEAD000197FDE /* ExpenseDetail.swift */ = {isa = PBXFileReference; lastKnownFileType = sourcecode.swift; path = ExpenseDetail.swift; sourceTree = "<group>"; };
		C0D75A0E2BC1DFC20074DEED /* HowAmIDoing.swift */ = {isa = PBXFileReference; lastKnownFileType = sourcecode.swift; path = HowAmIDoing.swift; sourceTree = "<group>"; };
/* End PBXFileReference section */

/* Begin PBXFrameworksBuildPhase section */
		C08CDED92B8FD28400197FDE /* Frameworks */ = {
			isa = PBXFrameworksBuildPhase;
			buildActionMask = 2147483647;
			files = (
			);
			runOnlyForDeploymentPostprocessing = 0;
		};
		C08CDEE92B8FD28A00197FDE /* Frameworks */ = {
			isa = PBXFrameworksBuildPhase;
			buildActionMask = 2147483647;
			files = (
			);
			runOnlyForDeploymentPostprocessing = 0;
		};
		C08CDEF32B8FD28A00197FDE /* Frameworks */ = {
			isa = PBXFrameworksBuildPhase;
			buildActionMask = 2147483647;
			files = (
			);
			runOnlyForDeploymentPostprocessing = 0;
		};
/* End PBXFrameworksBuildPhase section */

/* Begin PBXGroup section */
		C08CDED32B8FD28400197FDE = {
			isa = PBXGroup;
			children = (
				C08CDEDE2B8FD28400197FDE /* Expense Tracking App */,
				C08CDEEF2B8FD28A00197FDE /* Expense Tracking AppTests */,
				C08CDEF92B8FD28A00197FDE /* Expense Tracking AppUITests */,
				C08CDEDD2B8FD28400197FDE /* Products */,
			);
			sourceTree = "<group>";
		};
		C08CDEDD2B8FD28400197FDE /* Products */ = {
			isa = PBXGroup;
			children = (
				C08CDEDC2B8FD28400197FDE /* Expense Tracking App.app */,
				C08CDEEC2B8FD28A00197FDE /* Expense Tracking AppTests.xctest */,
				C08CDEF62B8FD28A00197FDE /* Expense Tracking AppUITests.xctest */,
			);
			name = Products;
			sourceTree = "<group>";
		};
		C08CDEDE2B8FD28400197FDE /* Expense Tracking App */ = {
			isa = PBXGroup;
			children = (
				C08CDEDF2B8FD28400197FDE /* Expense_Tracking_AppApp.swift */,
				C08CDEE12B8FD28400197FDE /* ContentView.swift */,
				C0D75A0E2BC1DFC20074DEED /* HowAmIDoing.swift */,
				C08CDF0B2B8FEAD000197FDE /* ExpenseDetail.swift */,
				C08CDEE32B8FD28A00197FDE /* Assets.xcassets */,
				C08CDEE52B8FD28A00197FDE /* Preview Content */,
			);
			path = "Expense Tracking App";
			sourceTree = "<group>";
		};
		C08CDEE52B8FD28A00197FDE /* Preview Content */ = {
			isa = PBXGroup;
			children = (
				C08CDEE62B8FD28A00197FDE /* Preview Assets.xcassets */,
			);
			path = "Preview Content";
			sourceTree = "<group>";
		};
		C08CDEEF2B8FD28A00197FDE /* Expense Tracking AppTests */ = {
			isa = PBXGroup;
			children = (
				C08CDEF02B8FD28A00197FDE /* Expense_Tracking_AppTests.swift */,
			);
			path = "Expense Tracking AppTests";
			sourceTree = "<group>";
		};
		C08CDEF92B8FD28A00197FDE /* Expense Tracking AppUITests */ = {
			isa = PBXGroup;
			children = (
				C08CDEFA2B8FD28A00197FDE /* Expense_Tracking_AppUITests.swift */,
				C08CDEFC2B8FD28A00197FDE /* Expense_Tracking_AppUITestsLaunchTests.swift */,
			);
			path = "Expense Tracking AppUITests";
			sourceTree = "<group>";
		};
/* End PBXGroup section */

/* Begin PBXNativeTarget section */
		C08CDEDB2B8FD28400197FDE /* Expense Tracking App */ = {
			isa = PBXNativeTarget;
			buildConfigurationList = C08CDF002B8FD28A00197FDE /* Build configuration list for PBXNativeTarget "Expense Tracking App" */;
			buildPhases = (
				C08CDED82B8FD28400197FDE /* Sources */,
				C08CDED92B8FD28400197FDE /* Frameworks */,
				C08CDEDA2B8FD28400197FDE /* Resources */,
			);
			buildRules = (
			);
			dependencies = (
			);
			name = "Expense Tracking App";
			productName = "Expense Tracking App";
			productReference = C08CDEDC2B8FD28400197FDE /* Expense Tracking App.app */;
			productType = "com.apple.product-type.application";
		};
		C08CDEEB2B8FD28A00197FDE /* Expense Tracking AppTests */ = {
			isa = PBXNativeTarget;
			buildConfigurationList = C08CDF032B8FD28A00197FDE /* Build configuration list for PBXNativeTarget "Expense Tracking AppTests" */;
			buildPhases = (
				C08CDEE82B8FD28A00197FDE /* Sources */,
				C08CDEE92B8FD28A00197FDE /* Frameworks */,
				C08CDEEA2B8FD28A00197FDE /* Resources */,
			);
			buildRules = (
			);
			dependencies = (
				C08CDEEE2B8FD28A00197FDE /* PBXTargetDependency */,
			);
			name = "Expense Tracking AppTests";
			productName = "Expense Tracking AppTests";
			productReference = C08CDEEC2B8FD28A00197FDE /* Expense Tracking AppTests.xctest */;
			productType = "com.apple.product-type.bundle.unit-test";
		};
		C08CDEF52B8FD28A00197FDE /* Expense Tracking AppUITests */ = {
			isa = PBXNativeTarget;
			buildConfigurationList = C08CDF062B8FD28A00197FDE /* Build configuration list for PBXNativeTarget "Expense Tracking AppUITests" */;
			buildPhases = (
				C08CDEF22B8FD28A00197FDE /* Sources */,
				C08CDEF32B8FD28A00197FDE /* Frameworks */,
				C08CDEF42B8FD28A00197FDE /* Resources */,
			);
			buildRules = (
			);
			dependencies = (
				C08CDEF82B8FD28A00197FDE /* PBXTargetDependency */,
			);
			name = "Expense Tracking AppUITests";
			productName = "Expense Tracking AppUITests";
			productReference = C08CDEF62B8FD28A00197FDE /* Expense Tracking AppUITests.xctest */;
			productType = "com.apple.product-type.bundle.ui-testing";
		};
/* End PBXNativeTarget section */

/* Begin PBXProject section */
		C08CDED42B8FD28400197FDE /* Project object */ = {
			isa = PBXProject;
			attributes = {
				BuildIndependentTargetsInParallel = 1;
				LastSwiftUpdateCheck = 1520;
				LastUpgradeCheck = 1520;
				TargetAttributes = {
					C08CDEDB2B8FD28400197FDE = {
						CreatedOnToolsVersion = 15.2;
					};
					C08CDEEB2B8FD28A00197FDE = {
						CreatedOnToolsVersion = 15.2;
						TestTargetID = C08CDEDB2B8FD28400197FDE;
					};
					C08CDEF52B8FD28A00197FDE = {
						CreatedOnToolsVersion = 15.2;
						TestTargetID = C08CDEDB2B8FD28400197FDE;
					};
				};
			};
			buildConfigurationList = C08CDED72B8FD28400197FDE /* Build configuration list for PBXProject "Expense Tracking App" */;
			compatibilityVersion = "Xcode 14.0";
			developmentRegion = en;
			hasScannedForEncodings = 0;
			knownRegions = (
				en,
				Base,
			);
			mainGroup = C08CDED32B8FD28400197FDE;
			productRefGroup = C08CDEDD2B8FD28400197FDE /* Products */;
			projectDirPath = "";
			projectRoot = "";
			targets = (
				C08CDEDB2B8FD28400197FDE /* Expense Tracking App */,
				C08CDEEB2B8FD28A00197FDE /* Expense Tracking AppTests */,
				C08CDEF52B8FD28A00197FDE /* Expense Tracking AppUITests */,
			);
		};
/* End PBXProject section */

/* Begin PBXResourcesBuildPhase section */
		C08CDEDA2B8FD28400197FDE /* Resources */ = {
			isa = PBXResourcesBuildPhase;
			buildActionMask = 2147483647;
			files = (
				C08CDEE72B8FD28A00197FDE /* Preview Assets.xcassets in Resources */,
				C08CDEE42B8FD28A00197FDE /* Assets.xcassets in Resources */,
			);
			runOnlyForDeploymentPostprocessing = 0;
		};
		C08CDEEA2B8FD28A00197FDE /* Resources */ = {
			isa = PBXResourcesBuildPhase;
			buildActionMask = 2147483647;
			files = (
			);
			runOnlyForDeploymentPostprocessing = 0;
		};
		C08CDEF42B8FD28A00197FDE /* Resources */ = {
			isa = PBXResourcesBuildPhase;
			buildActionMask = 2147483647;
			files = (
			);
			runOnlyForDeploymentPostprocessing = 0;
		};
/* End PBXResourcesBuildPhase section */

/* Begin PBXSourcesBuildPhase section */
		C08CDED82B8FD28400197FDE /* Sources */ = {
			isa = PBXSourcesBuildPhase;
			buildActionMask = 2147483647;
			files = (
				C0D75A0F2BC1DFC20074DEED /* HowAmIDoing.swift in Sources */,
				C08CDF0C2B8FEAD000197FDE /* ExpenseDetail.swift in Sources */,
				C08CDEE22B8FD28400197FDE /* ContentView.swift in Sources */,
				C08CDEE02B8FD28400197FDE /* Expense_Tracking_AppApp.swift in Sources */,
			);
			runOnlyForDeploymentPostprocessing = 0;
		};
		C08CDEE82B8FD28A00197FDE /* Sources */ = {
			isa = PBXSourcesBuildPhase;
			buildActionMask = 2147483647;
			files = (
				C08CDEF12B8FD28A00197FDE /* Expense_Tracking_AppTests.swift in Sources */,
			);
			runOnlyForDeploymentPostprocessing = 0;
		};
		C08CDEF22B8FD28A00197FDE /* Sources */ = {
			isa = PBXSourcesBuildPhase;
			buildActionMask = 2147483647;
			files = (
				C08CDEFD2B8FD28A00197FDE /* Expense_Tracking_AppUITestsLaunchTests.swift in Sources */,
				C08CDEFB2B8FD28A00197FDE /* Expense_Tracking_AppUITests.swift in Sources */,
			);
			runOnlyForDeploymentPostprocessing = 0;
		};
/* End PBXSourcesBuildPhase section */

/* Begin PBXTargetDependency section */
		C08CDEEE2B8FD28A00197FDE /* PBXTargetDependency */ = {
			isa = PBXTargetDependency;
			target = C08CDEDB2B8FD28400197FDE /* Expense Tracking App */;
			targetProxy = C08CDEED2B8FD28A00197FDE /* PBXContainerItemProxy */;
		};
		C08CDEF82B8FD28A00197FDE /* PBXTargetDependency */ = {
			isa = PBXTargetDependency;
			target = C08CDEDB2B8FD28400197FDE /* Expense Tracking App */;
			targetProxy = C08CDEF72B8FD28A00197FDE /* PBXContainerItemProxy */;
		};
/* End PBXTargetDependency section */

/* Begin XCBuildConfiguration section */
		C08CDEFE2B8FD28A00197FDE /* Debug */ = {
			isa = XCBuildConfiguration;
			buildSettings = {
				ALWAYS_SEARCH_USER_PATHS = NO;
				ASSETCATALOG_COMPILER_GENERATE_SWIFT_ASSET_SYMBOL_EXTENSIONS = YES;
				CLANG_ANALYZER_NONNULL = YES;
				CLANG_ANALYZER_NUMBER_OBJECT_CONVERSION = YES_AGGRESSIVE;
				CLANG_CXX_LANGUAGE_STANDARD = "gnu++20";
				CLANG_ENABLE_MODULES = YES;
				CLANG_ENABLE_OBJC_ARC = YES;
				CLANG_ENABLE_OBJC_WEAK = YES;
				CLANG_WARN_BLOCK_CAPTURE_AUTORELEASING = YES;
				CLANG_WARN_BOOL_CONVERSION = YES;
				CLANG_WARN_COMMA = YES;
				CLANG_WARN_CONSTANT_CONVERSION = YES;
				CLANG_WARN_DEPRECATED_OBJC_IMPLEMENTATIONS = YES;
				CLANG_WARN_DIRECT_OBJC_ISA_USAGE = YES_ERROR;
				CLANG_WARN_DOCUMENTATION_COMMENTS = YES;
				CLANG_WARN_EMPTY_BODY = YES;
				CLANG_WARN_ENUM_CONVERSION = YES;
				CLANG_WARN_INFINITE_RECURSION = YES;
				CLANG_WARN_INT_CONVERSION = YES;
				CLANG_WARN_NON_LITERAL_NULL_CONVERSION = YES;
				CLANG_WARN_OBJC_IMPLICIT_RETAIN_SELF = YES;
				CLANG_WARN_OBJC_LITERAL_CONVERSION = YES;
				CLANG_WARN_OBJC_ROOT_CLASS = YES_ERROR;
				CLANG_WARN_QUOTED_INCLUDE_IN_FRAMEWORK_HEADER = YES;
				CLANG_WARN_RANGE_LOOP_ANALYSIS = YES;
				CLANG_WARN_STRICT_PROTOTYPES = YES;
				CLANG_WARN_SUSPICIOUS_MOVE = YES;
				CLANG_WARN_UNGUARDED_AVAILABILITY = YES_AGGRESSIVE;
				CLANG_WARN_UNREACHABLE_CODE = YES;
				CLANG_WARN__DUPLICATE_METHOD_MATCH = YES;
				COPY_PHASE_STRIP = NO;
				DEBUG_INFORMATION_FORMAT = dwarf;
				ENABLE_STRICT_OBJC_MSGSEND = YES;
				ENABLE_TESTABILITY = YES;
				ENABLE_USER_SCRIPT_SANDBOXING = YES;
				GCC_C_LANGUAGE_STANDARD = gnu17;
				GCC_DYNAMIC_NO_PIC = NO;
				GCC_NO_COMMON_BLOCKS = YES;
				GCC_OPTIMIZATION_LEVEL = 0;
				GCC_PREPROCESSOR_DEFINITIONS = (
					"DEBUG=1",
					"$(inherited)",
				);
				GCC_WARN_64_TO_32_BIT_CONVERSION = YES;
				GCC_WARN_ABOUT_RETURN_TYPE = YES_ERROR;
				GCC_WARN_UNDECLARED_SELECTOR = YES;
				GCC_WARN_UNINITIALIZED_AUTOS = YES_AGGRESSIVE;
				GCC_WARN_UNUSED_FUNCTION = YES;
				GCC_WARN_UNUSED_VARIABLE = YES;
				IPHONEOS_DEPLOYMENT_TARGET = 17.2;
				LOCALIZATION_PREFERS_STRING_CATALOGS = YES;
				MTL_ENABLE_DEBUG_INFO = INCLUDE_SOURCE;
				MTL_FAST_MATH = YES;
				ONLY_ACTIVE_ARCH = YES;
				SDKROOT = iphoneos;
				SWIFT_ACTIVE_COMPILATION_CONDITIONS = "DEBUG $(inherited)";
				SWIFT_OPTIMIZATION_LEVEL = "-Onone";
			};
			name = Debug;
		};
		C08CDEFF2B8FD28A00197FDE /* Release */ = {
			isa = XCBuildConfiguration;
			buildSettings = {
				ALWAYS_SEARCH_USER_PATHS = NO;
				ASSETCATALOG_COMPILER_GENERATE_SWIFT_ASSET_SYMBOL_EXTENSIONS = YES;
				CLANG_ANALYZER_NONNULL = YES;
				CLANG_ANALYZER_NUMBER_OBJECT_CONVERSION = YES_AGGRESSIVE;
				CLANG_CXX_LANGUAGE_STANDARD = "gnu++20";
				CLANG_ENABLE_MODULES = YES;
				CLANG_ENABLE_OBJC_ARC = YES;
				CLANG_ENABLE_OBJC_WEAK = YES;
				CLANG_WARN_BLOCK_CAPTURE_AUTORELEASING = YES;
				CLANG_WARN_BOOL_CONVERSION = YES;
				CLANG_WARN_COMMA = YES;
				CLANG_WARN_CONSTANT_CONVERSION = YES;
				CLANG_WARN_DEPRECATED_OBJC_IMPLEMENTATIONS = YES;
				CLANG_WARN_DIRECT_OBJC_ISA_USAGE = YES_ERROR;
				CLANG_WARN_DOCUMENTATION_COMMENTS = YES;
				CLANG_WARN_EMPTY_BODY = YES;
				CLANG_WARN_ENUM_CONVERSION = YES;
				CLANG_WARN_INFINITE_RECURSION = YES;
				CLANG_WARN_INT_CONVERSION = YES;
				CLANG_WARN_NON_LITERAL_NULL_CONVERSION = YES;
				CLANG_WARN_OBJC_IMPLICIT_RETAIN_SELF = YES;
				CLANG_WARN_OBJC_LITERAL_CONVERSION = YES;
				CLANG_WARN_OBJC_ROOT_CLASS = YES_ERROR;
				CLANG_WARN_QUOTED_INCLUDE_IN_FRAMEWORK_HEADER = YES;
				CLANG_WARN_RANGE_LOOP_ANALYSIS = YES;
				CLANG_WARN_STRICT_PROTOTYPES = YES;
				CLANG_WARN_SUSPICIOUS_MOVE = YES;
				CLANG_WARN_UNGUARDED_AVAILABILITY = YES_AGGRESSIVE;
				CLANG_WARN_UNREACHABLE_CODE = YES;
				CLANG_WARN__DUPLICATE_METHOD_MATCH = YES;
				COPY_PHASE_STRIP = NO;
				DEBUG_INFORMATION_FORMAT = "dwarf-with-dsym";
				ENABLE_NS_ASSERTIONS = NO;
				ENABLE_STRICT_OBJC_MSGSEND = YES;
				ENABLE_USER_SCRIPT_SANDBOXING = YES;
				GCC_C_LANGUAGE_STANDARD = gnu17;
				GCC_NO_COMMON_BLOCKS = YES;
				GCC_WARN_64_TO_32_BIT_CONVERSION = YES;
				GCC_WARN_ABOUT_RETURN_TYPE = YES_ERROR;
				GCC_WARN_UNDECLARED_SELECTOR = YES;
				GCC_WARN_UNINITIALIZED_AUTOS = YES_AGGRESSIVE;
				GCC_WARN_UNUSED_FUNCTION = YES;
				GCC_WARN_UNUSED_VARIABLE = YES;
				IPHONEOS_DEPLOYMENT_TARGET = 17.2;
				LOCALIZATION_PREFERS_STRING_CATALOGS = YES;
				MTL_ENABLE_DEBUG_INFO = NO;
				MTL_FAST_MATH = YES;
				SDKROOT = iphoneos;
				SWIFT_COMPILATION_MODE = wholemodule;
				VALIDATE_PRODUCT = YES;
			};
			name = Release;
		};
		C08CDF012B8FD28A00197FDE /* Debug */ = {
			isa = XCBuildConfiguration;
			buildSettings = {
				ASSETCATALOG_COMPILER_APPICON_NAME = AppIcon;
				ASSETCATALOG_COMPILER_GLOBAL_ACCENT_COLOR_NAME = AccentColor;
				CODE_SIGN_STYLE = Automatic;
				CURRENT_PROJECT_VERSION = 1;
				DEVELOPMENT_ASSET_PATHS = "\"Expense Tracking App/Preview Content\"";
				DEVELOPMENT_TEAM = M7HUVGVDSU;
				ENABLE_PREVIEWS = YES;
				GENERATE_INFOPLIST_FILE = YES;
				INFOPLIST_KEY_UIApplicationSceneManifest_Generation = YES;
				INFOPLIST_KEY_UIApplicationSupportsIndirectInputEvents = YES;
				INFOPLIST_KEY_UILaunchScreen_Generation = YES;
				INFOPLIST_KEY_UISupportedInterfaceOrientations_iPad = "UIInterfaceOrientationPortrait UIInterfaceOrientationPortraitUpsideDown UIInterfaceOrientationLandscapeLeft UIInterfaceOrientationLandscapeRight";
				INFOPLIST_KEY_UISupportedInterfaceOrientations_iPhone = "UIInterfaceOrientationPortrait UIInterfaceOrientationLandscapeLeft UIInterfaceOrientationLandscapeRight";
				LD_RUNPATH_SEARCH_PATHS = (
					"$(inherited)",
					"@executable_path/Frameworks",
				);
				MARKETING_VERSION = 1.0;
				PRODUCT_BUNDLE_IDENTIFIER = "BabaFakir.Expense-Tracking-App";
				PRODUCT_NAME = "$(TARGET_NAME)";
				SWIFT_EMIT_LOC_STRINGS = YES;
				SWIFT_VERSION = 5.0;
				TARGETED_DEVICE_FAMILY = "1,2";
			};
			name = Debug;
		};
		C08CDF022B8FD28A00197FDE /* Release */ = {
			isa = XCBuildConfiguration;
			buildSettings = {
				ASSETCATALOG_COMPILER_APPICON_NAME = AppIcon;
				ASSETCATALOG_COMPILER_GLOBAL_ACCENT_COLOR_NAME = AccentColor;
				CODE_SIGN_STYLE = Automatic;
				CURRENT_PROJECT_VERSION = 1;
				DEVELOPMENT_ASSET_PATHS = "\"Expense Tracking App/Preview Content\"";
				DEVELOPMENT_TEAM = M7HUVGVDSU;
				ENABLE_PREVIEWS = YES;
				GENERATE_INFOPLIST_FILE = YES;
				INFOPLIST_KEY_UIApplicationSceneManifest_Generation = YES;
				INFOPLIST_KEY_UIApplicationSupportsIndirectInputEvents = YES;
				INFOPLIST_KEY_UILaunchScreen_Generation = YES;
				INFOPLIST_KEY_UISupportedInterfaceOrientations_iPad = "UIInterfaceOrientationPortrait UIInterfaceOrientationPortraitUpsideDown UIInterfaceOrientationLandscapeLeft UIInterfaceOrientationLandscapeRight";
				INFOPLIST_KEY_UISupportedInterfaceOrientations_iPhone = "UIInterfaceOrientationPortrait UIInterfaceOrientationLandscapeLeft UIInterfaceOrientationLandscapeRight";
				LD_RUNPATH_SEARCH_PATHS = (
					"$(inherited)",
					"@executable_path/Frameworks",
				);
				MARKETING_VERSION = 1.0;
				PRODUCT_BUNDLE_IDENTIFIER = "BabaFakir.Expense-Tracking-App";
				PRODUCT_NAME = "$(TARGET_NAME)";
				SWIFT_EMIT_LOC_STRINGS = YES;
				SWIFT_VERSION = 5.0;
				TARGETED_DEVICE_FAMILY = "1,2";
			};
			name = Release;
		};
		C08CDF042B8FD28A00197FDE /* Debug */ = {
			isa = XCBuildConfiguration;
			buildSettings = {
				ALWAYS_EMBED_SWIFT_STANDARD_LIBRARIES = YES;
				BUNDLE_LOADER = "$(TEST_HOST)";
				CODE_SIGN_STYLE = Automatic;
				CURRENT_PROJECT_VERSION = 1;
				DEVELOPMENT_TEAM = M7HUVGVDSU;
				GENERATE_INFOPLIST_FILE = YES;
				IPHONEOS_DEPLOYMENT_TARGET = 17.2;
				MARKETING_VERSION = 1.0;
				PRODUCT_BUNDLE_IDENTIFIER = "BabaFakir.Expense-Tracking-AppTests";
				PRODUCT_NAME = "$(TARGET_NAME)";
				SWIFT_EMIT_LOC_STRINGS = NO;
				SWIFT_VERSION = 5.0;
				TARGETED_DEVICE_FAMILY = "1,2";
				TEST_HOST = "$(BUILT_PRODUCTS_DIR)/Expense Tracking App.app/$(BUNDLE_EXECUTABLE_FOLDER_PATH)/Expense Tracking App";
			};
			name = Debug;
		};
		C08CDF052B8FD28A00197FDE /* Release */ = {
			isa = XCBuildConfiguration;
			buildSettings = {
				ALWAYS_EMBED_SWIFT_STANDARD_LIBRARIES = YES;
				BUNDLE_LOADER = "$(TEST_HOST)";
				CODE_SIGN_STYLE = Automatic;
				CURRENT_PROJECT_VERSION = 1;
				DEVELOPMENT_TEAM = M7HUVGVDSU;
				GENERATE_INFOPLIST_FILE = YES;
				IPHONEOS_DEPLOYMENT_TARGET = 17.2;
				MARKETING_VERSION = 1.0;
				PRODUCT_BUNDLE_IDENTIFIER = "BabaFakir.Expense-Tracking-AppTests";
				PRODUCT_NAME = "$(TARGET_NAME)";
				SWIFT_EMIT_LOC_STRINGS = NO;
				SWIFT_VERSION = 5.0;
				TARGETED_DEVICE_FAMILY = "1,2";
				TEST_HOST = "$(BUILT_PRODUCTS_DIR)/Expense Tracking App.app/$(BUNDLE_EXECUTABLE_FOLDER_PATH)/Expense Tracking App";
			};
			name = Release;
		};
		C08CDF072B8FD28A00197FDE /* Debug */ = {
			isa = XCBuildConfiguration;
			buildSettings = {
				ALWAYS_EMBED_SWIFT_STANDARD_LIBRARIES = YES;
				CODE_SIGN_STYLE = Automatic;
				CURRENT_PROJECT_VERSION = 1;
				DEVELOPMENT_TEAM = M7HUVGVDSU;
				GENERATE_INFOPLIST_FILE = YES;
				MARKETING_VERSION = 1.0;
				PRODUCT_BUNDLE_IDENTIFIER = "BabaFakir.Expense-Tracking-AppUITests";
				PRODUCT_NAME = "$(TARGET_NAME)";
				SWIFT_EMIT_LOC_STRINGS = NO;
				SWIFT_VERSION = 5.0;
				TARGETED_DEVICE_FAMILY = "1,2";
				TEST_TARGET_NAME = "Expense Tracking App";
			};
			name = Debug;
		};
		C08CDF082B8FD28A00197FDE /* Release */ = {
			isa = XCBuildConfiguration;
			buildSettings = {
				ALWAYS_EMBED_SWIFT_STANDARD_LIBRARIES = YES;
				CODE_SIGN_STYLE = Automatic;
				CURRENT_PROJECT_VERSION = 1;
				DEVELOPMENT_TEAM = M7HUVGVDSU;
				GENERATE_INFOPLIST_FILE = YES;
				MARKETING_VERSION = 1.0;
				PRODUCT_BUNDLE_IDENTIFIER = "BabaFakir.Expense-Tracking-AppUITests";
				PRODUCT_NAME = "$(TARGET_NAME)";
				SWIFT_EMIT_LOC_STRINGS = NO;
				SWIFT_VERSION = 5.0;
				TARGETED_DEVICE_FAMILY = "1,2";
				TEST_TARGET_NAME = "Expense Tracking App";
			};
			name = Release;
		};
/* End XCBuildConfiguration section */

/* Begin XCConfigurationList section */
		C08CDED72B8FD28400197FDE /* Build configuration list for PBXProject "Expense Tracking App" */ = {
			isa = XCConfigurationList;
			buildConfigurations = (
				C08CDEFE2B8FD28A00197FDE /* Debug */,
				C08CDEFF2B8FD28A00197FDE /* Release */,
			);
			defaultConfigurationIsVisible = 0;
			defaultConfigurationName = Release;
		};
		C08CDF002B8FD28A00197FDE /* Build configuration list for PBXNativeTarget "Expense Tracking App" */ = {
			isa = XCConfigurationList;
			buildConfigurations = (
				C08CDF012B8FD28A00197FDE /* Debug */,
				C08CDF022B8FD28A00197FDE /* Release */,
			);
			defaultConfigurationIsVisible = 0;
			defaultConfigurationName = Release;
		};
		C08CDF032B8FD28A00197FDE /* Build configuration list for PBXNativeTarget "Expense Tracking AppTests" */ = {
			isa = XCConfigurationList;
			buildConfigurations = (
				C08CDF042B8FD28A00197FDE /* Debug */,
				C08CDF052B8FD28A00197FDE /* Release */,
			);
			defaultConfigurationIsVisible = 0;
			defaultConfigurationName = Release;
		};
		C08CDF062B8FD28A00197FDE /* Build configuration list for PBXNativeTarget "Expense Tracking AppUITests" */ = {
			isa = XCConfigurationList;
			buildConfigurations = (
				C08CDF072B8FD28A00197FDE /* Debug */,
				C08CDF082B8FD28A00197FDE /* Release */,
			);
			defaultConfigurationIsVisible = 0;
			defaultConfigurationName = Release;
		};
/* End XCConfigurationList section */
	};
	rootObject = C08CDED42B8FD28400197FDE /* Project object */;
}
